
Microsoft Visual Studio Solution File, Format Version 12.00
# Visual Studio Version 16
VisualStudioVersion = 16.0.28803.452
MinimumVisualStudioVersion = 10.0.40219.1
Project("{8BC9CEB8-8B4A-11D0-8D11-00A0C91BC942}") = "BarCodeFinder", "BarCodeFinder\BarCodeFinder.vcxproj", "{446A820B-F70C-4343-AD94-CF47EF0F6EE4}"
EndProject
Project("{FAE04EC0-301F-11D3-BF4B-00C04F79EFBC}") = "BarCodeFinder.Net", "BarCodeFinder.Net\BarCodeFinder.Net.csproj", "{FFE6FD6D-96A9-4C99-98C6-5AD0BA076FD5}"
EndProject
Project("{FAE04EC0-301F-11D3-BF4B-00C04F79EFBC}") = "BarCodeFinderDemo", "BarCodeFinderDemo\BarCodeFinderDemo.csproj", "{CDB8EEB3-D0FF-4E8B-AB36-939717D024F2}"
EndProject
Project("{2150E333-8FDC-42A3-9474-1A3956D46DE8}") = "Solution Items", "Solution Items", "{781D7D3D-5D33-44F8-8C6B-3C99ED63AF95}"
	ProjectSection(SolutionItems) = preProject
		LICENSE.txt = LICENSE.txt
		README.md = README.md
	EndProjectSection
EndProject
Global
	GlobalSection(SolutionConfigurationPlatforms) = preSolution
		Debug|Any CPU = Debug|Any CPU
		Debug|x64 = Debug|x64
		Debug|x86 = Debug|x86
		Release|Any CPU = Release|Any CPU
		Release|x64 = Release|x64
		Release|x86 = Release|x86
	EndGlobalSection
	GlobalSection(ProjectConfigurationPlatforms) = postSolution
		{446A820B-F70C-4343-AD94-CF47EF0F6EE4}.Debug|Any CPU.ActiveCfg = Debug|Win32
		{446A820B-F70C-4343-AD94-CF47EF0F6EE4}.Debug|x64.ActiveCfg = Debug|x64
		{446A820B-F70C-4343-AD94-CF47EF0F6EE4}.Debug|x64.Build.0 = Debug|x64
		{446A820B-F70C-4343-AD94-CF47EF0F6EE4}.Debug|x86.ActiveCfg = Debug|Win32
		{446A820B-F70C-4343-AD94-CF47EF0F6EE4}.Debug|x86.Build.0 = Debug|Win32
		{446A820B-F70C-4343-AD94-CF47EF0F6EE4}.Release|Any CPU.ActiveCfg = Release|Win32
		{446A820B-F70C-4343-AD94-CF47EF0F6EE4}.Release|x64.ActiveCfg = Release|x64
		{446A820B-F70C-4343-AD94-CF47EF0F6EE4}.Release|x64.Build.0 = Release|x64
		{446A820B-F70C-4343-AD94-CF47EF0F6EE4}.Release|x86.ActiveCfg = Release|Win32
		{446A820B-F70C-4343-AD94-CF47EF0F6EE4}.Release|x86.Build.0 = Release|Win32
		{FFE6FD6D-96A9-4C99-98C6-5AD0BA076FD5}.Debug|Any CPU.ActiveCfg = Debug|Any CPU
		{FFE6FD6D-96A9-4C99-98C6-5AD0BA076FD5}.Debug|Any CPU.Build.0 = Debug|Any CPU
		{FFE6FD6D-96A9-4C99-98C6-5AD0BA076FD5}.Debug|x64.ActiveCfg = Debug|Any CPU
		{FFE6FD6D-96A9-4C99-98C6-5AD0BA076FD5}.Debug|x64.Build.0 = Debug|Any CPU
		{FFE6FD6D-96A9-4C99-98C6-5AD0BA076FD5}.Debug|x86.ActiveCfg = Debug|Any CPU
		{FFE6FD6D-96A9-4C99-98C6-5AD0BA076FD5}.Debug|x86.Build.0 = Debug|Any CPU
		{FFE6FD6D-96A9-4C99-98C6-5AD0BA076FD5}.Release|Any CPU.ActiveCfg = Release|Any CPU
		{FFE6FD6D-96A9-4C99-98C6-5AD0BA076FD5}.Release|Any CPU.Build.0 = Release|Any CPU
		{FFE6FD6D-96A9-4C99-98C6-5AD0BA076FD5}.Release|x64.ActiveCfg = Release|Any CPU
		{FFE6FD6D-96A9-4C99-98C6-5AD0BA076FD5}.Release|x64.Build.0 = Release|Any CPU
		{FFE6FD6D-96A9-4C99-98C6-5AD0BA076FD5}.Release|x86.ActiveCfg = Release|Any CPU
		{FFE6FD6D-96A9-4C99-98C6-5AD0BA076FD5}.Release|x86.Build.0 = Release|Any CPU
		{CDB8EEB3-D0FF-4E8B-AB36-939717D024F2}.Debug|Any CPU.ActiveCfg = Debug|Any CPU
		{CDB8EEB3-D0FF-4E8B-AB36-939717D024F2}.Debug|Any CPU.Build.0 = Debug|Any CPU
		{CDB8EEB3-D0FF-4E8B-AB36-939717D024F2}.Debug|x64.ActiveCfg = Debug|Any CPU
		{CDB8EEB3-D0FF-4E8B-AB36-939717D024F2}.Debug|x64.Build.0 = Debug|Any CPU
		{CDB8EEB3-D0FF-4E8B-AB36-939717D024F2}.Debug|x86.ActiveCfg = Debug|Any CPU
		{CDB8EEB3-D0FF-4E8B-AB36-939717D024F2}.Debug|x86.Build.0 = Debug|Any CPU
		{CDB8EEB3-D0FF-4E8B-AB36-939717D024F2}.Release|Any CPU.ActiveCfg = Release|Any CPU
		{CDB8EEB3-D0FF-4E8B-AB36-939717D024F2}.Release|Any CPU.Build.0 = Release|Any CPU
		{CDB8EEB3-D0FF-4E8B-AB36-939717D024F2}.Release|x64.ActiveCfg = Release|Any CPU
		{CDB8EEB3-D0FF-4E8B-AB36-939717D024F2}.Release|x64.Build.0 = Release|Any CPU
		{CDB8EEB3-D0FF-4E8B-AB36-939717D024F2}.Release|x86.ActiveCfg = Release|Any CPU
		{CDB8EEB3-D0FF-4E8B-AB36-939717D024F2}.Release|x86.Build.0 = Release|Any CPU
	EndGlobalSection
	GlobalSection(SolutionProperties) = preSolution
		HideSolutionNode = FALSE
	EndGlobalSection
	GlobalSection(ExtensibilityGlobals) = postSolution
		SolutionGuid = {DA66E825-DBC7-4550-B2CB-A259D36E86DC}
	EndGlobalSection
EndGlobal
